
Microsoft Visual Studio Solution File, Format Version 12.00
# Visual Studio Version 16
VisualStudioVersion = 16.0.32901.82
MinimumVisualStudioVersion = 10.0.40219.1
Project("{FAE04EC0-301F-11D3-BF4B-00C04F79EFBC}") = "SignInWPF", "QuanLyCuaHangApp\SignInWPF.csproj", "{1CE3AE36-34CF-4C3B-A7DF-5F8BCBBF4993}"
EndProject
Project("{2150E333-8FDC-42A3-9474-1A3956D46DE8}") = "GUI", "GUI", "{5421FE37-B3A0-412C-AC92-08BB2E24CB26}"
EndProject
Project("{FAE04EC0-301F-11D3-BF4B-00C04F79EFBC}") = "AddProductWPF", "ProductWPF\AddProductWPF.csproj", "{4CC36C07-ABE2-4DA8-A89F-13E70F4B68A9}"
EndProject
Project("{FAE04EC0-301F-11D3-BF4B-00C04F79EFBC}") = "AddStaffWPF", "AddStaffWPF\AddStaffWPF.csproj", "{9A944411-11FA-403A-845D-B1578959D0B4}"
EndProject
Project("{FAE04EC0-301F-11D3-BF4B-00C04F79EFBC}") = "addHoaDonWPF", "addHoaDonWPF\addHoaDonWPF.csproj", "{44105335-68FE-4AF4-A21C-AB3CE0C73E17}"
EndProject
Project("{FAE04EC0-301F-11D3-BF4B-00C04F79EFBC}") = "quanlynhanvienWPF", "quanlynhanvienWPF\quanlynhanvienWPF.csproj", "{1BD02AA9-125D-4B0A-81D8-C23679A82F6D}"
EndProject
Project("{2150E333-8FDC-42A3-9474-1A3956D46DE8}") = "DAL", "DAL", "{5994875D-5729-41C8-86D9-DFD8F9FAFAB6}"
EndProject
Project("{2150E333-8FDC-42A3-9474-1A3956D46DE8}") = "DTO_Models", "DTO_Models", "{C7968396-DA39-4F0E-9E94-B0758165BFF6}"
EndProject
Project("{FAE04EC0-301F-11D3-BF4B-00C04F79EFBC}") = "DTO_Models", "NhanVien_Model\DTO_Models.csproj", "{6716402C-37D2-4F19-A39F-E0F8148818A0}"
EndProject
Project("{FAE04EC0-301F-11D3-BF4B-00C04F79EFBC}") = "SQL_ThaoTac", "SQL_Connection\SQL_ThaoTac.csproj", "{15379EDE-436B-49B5-B560-33EEE3DAD98E}"
EndProject
Project("{2150E333-8FDC-42A3-9474-1A3956D46DE8}") = "Add", "Add", "{F0C1994A-C5B0-4AE8-9511-A0AAF3B2DC7F}"
EndProject
Project("{2150E333-8FDC-42A3-9474-1A3956D46DE8}") = "SignIn_SignUp", "SignIn_SignUp", "{EA4873B9-CB37-4EC7-BD97-9BCB72A7467A}"
EndProject
Project("{2150E333-8FDC-42A3-9474-1A3956D46DE8}") = "QuanLy", "QuanLy", "{5B3FC5FA-420E-4D43-841E-D24D2090A3DB}"
EndProject
Project("{FAE04EC0-301F-11D3-BF4B-00C04F79EFBC}") = "AddKhachHangWPF", "AddKhachHangWPF\AddKhachHangWPF.csproj", "{79728115-7837-4330-8B34-FA1F9FEC3B6B}"
EndProject
Project("{FAE04EC0-301F-11D3-BF4B-00C04F79EFBC}") = "AddLoaiSPWPF", "AddLoaiSPWPF\AddLoaiSPWPF.csproj", "{D7DAD77B-4644-4F6F-B57D-AC0C8D6D92F5}"
EndProject
Project("{FAE04EC0-301F-11D3-BF4B-00C04F79EFBC}") = "QuanLyKhachHangWPF", "QuanLyKhachHangWPF\QuanLyKhachHangWPF.csproj", "{337C5ECC-B7F5-4125-B391-038CB6D9DCCB}"
EndProject
Project("{FAE04EC0-301F-11D3-BF4B-00C04F79EFBC}") = "QuanLySanPham", "QuanLySanPham\QuanLySanPham.csproj", "{BACEC745-A8AA-462C-A019-4F382E393E11}"
EndProject
Global
	GlobalSection(SolutionConfigurationPlatforms) = preSolution
		Debug|Any CPU = Debug|Any CPU
		Release|Any CPU = Release|Any CPU
	EndGlobalSection
	GlobalSection(ProjectConfigurationPlatforms) = postSolution
		{1CE3AE36-34CF-4C3B-A7DF-5F8BCBBF4993}.Debug|Any CPU.ActiveCfg = Debug|Any CPU
		{1CE3AE36-34CF-4C3B-A7DF-5F8BCBBF4993}.Debug|Any CPU.Build.0 = Debug|Any CPU
		{1CE3AE36-34CF-4C3B-A7DF-5F8BCBBF4993}.Release|Any CPU.ActiveCfg = Release|Any CPU
		{1CE3AE36-34CF-4C3B-A7DF-5F8BCBBF4993}.Release|Any CPU.Build.0 = Release|Any CPU
		{4CC36C07-ABE2-4DA8-A89F-13E70F4B68A9}.Debug|Any CPU.ActiveCfg = Debug|Any CPU
		{4CC36C07-ABE2-4DA8-A89F-13E70F4B68A9}.Debug|Any CPU.Build.0 = Debug|Any CPU
		{4CC36C07-ABE2-4DA8-A89F-13E70F4B68A9}.Release|Any CPU.ActiveCfg = Release|Any CPU
		{4CC36C07-ABE2-4DA8-A89F-13E70F4B68A9}.Release|Any CPU.Build.0 = Release|Any CPU
		{9A944411-11FA-403A-845D-B1578959D0B4}.Debug|Any CPU.ActiveCfg = Debug|Any CPU
		{9A944411-11FA-403A-845D-B1578959D0B4}.Debug|Any CPU.Build.0 = Debug|Any CPU
		{9A944411-11FA-403A-845D-B1578959D0B4}.Release|Any CPU.ActiveCfg = Release|Any CPU
		{9A944411-11FA-403A-845D-B1578959D0B4}.Release|Any CPU.Build.0 = Release|Any CPU
		{44105335-68FE-4AF4-A21C-AB3CE0C73E17}.Debug|Any CPU.ActiveCfg = Debug|Any CPU
		{44105335-68FE-4AF4-A21C-AB3CE0C73E17}.Debug|Any CPU.Build.0 = Debug|Any CPU
		{44105335-68FE-4AF4-A21C-AB3CE0C73E17}.Release|Any CPU.ActiveCfg = Release|Any CPU
		{44105335-68FE-4AF4-A21C-AB3CE0C73E17}.Release|Any CPU.Build.0 = Release|Any CPU
		{1BD02AA9-125D-4B0A-81D8-C23679A82F6D}.Debug|Any CPU.ActiveCfg = Debug|Any CPU
		{1BD02AA9-125D-4B0A-81D8-C23679A82F6D}.Debug|Any CPU.Build.0 = Debug|Any CPU
		{1BD02AA9-125D-4B0A-81D8-C23679A82F6D}.Release|Any CPU.ActiveCfg = Release|Any CPU
		{1BD02AA9-125D-4B0A-81D8-C23679A82F6D}.Release|Any CPU.Build.0 = Release|Any CPU
		{6716402C-37D2-4F19-A39F-E0F8148818A0}.Debug|Any CPU.ActiveCfg = Debug|Any CPU
		{6716402C-37D2-4F19-A39F-E0F8148818A0}.Debug|Any CPU.Build.0 = Debug|Any CPU
		{6716402C-37D2-4F19-A39F-E0F8148818A0}.Release|Any CPU.ActiveCfg = Release|Any CPU
		{6716402C-37D2-4F19-A39F-E0F8148818A0}.Release|Any CPU.Build.0 = Release|Any CPU
		{15379EDE-436B-49B5-B560-33EEE3DAD98E}.Debug|Any CPU.ActiveCfg = Debug|Any CPU
		{15379EDE-436B-49B5-B560-33EEE3DAD98E}.Debug|Any CPU.Build.0 = Debug|Any CPU
		{15379EDE-436B-49B5-B560-33EEE3DAD98E}.Release|Any CPU.ActiveCfg = Release|Any CPU
		{15379EDE-436B-49B5-B560-33EEE3DAD98E}.Release|Any CPU.Build.0 = Release|Any CPU
		{79728115-7837-4330-8B34-FA1F9FEC3B6B}.Debug|Any CPU.ActiveCfg = Debug|Any CPU
		{79728115-7837-4330-8B34-FA1F9FEC3B6B}.Debug|Any CPU.Build.0 = Debug|Any CPU
		{79728115-7837-4330-8B34-FA1F9FEC3B6B}.Release|Any CPU.ActiveCfg = Release|Any CPU
		{79728115-7837-4330-8B34-FA1F9FEC3B6B}.Release|Any CPU.Build.0 = Release|Any CPU
		{D7DAD77B-4644-4F6F-B57D-AC0C8D6D92F5}.Debug|Any CPU.ActiveCfg = Debug|Any CPU
		{D7DAD77B-4644-4F6F-B57D-AC0C8D6D92F5}.Debug|Any CPU.Build.0 = Debug|Any CPU
		{D7DAD77B-4644-4F6F-B57D-AC0C8D6D92F5}.Release|Any CPU.ActiveCfg = Release|Any CPU
		{D7DAD77B-4644-4F6F-B57D-AC0C8D6D92F5}.Release|Any CPU.Build.0 = Release|Any CPU
		{337C5ECC-B7F5-4125-B391-038CB6D9DCCB}.Debug|Any CPU.ActiveCfg = Debug|Any CPU
		{337C5ECC-B7F5-4125-B391-038CB6D9DCCB}.Debug|Any CPU.Build.0 = Debug|Any CPU
		{337C5ECC-B7F5-4125-B391-038CB6D9DCCB}.Release|Any CPU.ActiveCfg = Release|Any CPU
		{337C5ECC-B7F5-4125-B391-038CB6D9DCCB}.Release|Any CPU.Build.0 = Release|Any CPU
		{BACEC745-A8AA-462C-A019-4F382E393E11}.Debug|Any CPU.ActiveCfg = Debug|Any CPU
		{BACEC745-A8AA-462C-A019-4F382E393E11}.Debug|Any CPU.Build.0 = Debug|Any CPU
		{BACEC745-A8AA-462C-A019-4F382E393E11}.Release|Any CPU.ActiveCfg = Release|Any CPU
		{BACEC745-A8AA-462C-A019-4F382E393E11}.Release|Any CPU.Build.0 = Release|Any CPU
	EndGlobalSection
	GlobalSection(SolutionProperties) = preSolution
		HideSolutionNode = FALSE
	EndGlobalSection
	GlobalSection(NestedProjects) = preSolution
		{1CE3AE36-34CF-4C3B-A7DF-5F8BCBBF4993} = {EA4873B9-CB37-4EC7-BD97-9BCB72A7467A}
		{4CC36C07-ABE2-4DA8-A89F-13E70F4B68A9} = {F0C1994A-C5B0-4AE8-9511-A0AAF3B2DC7F}
		{9A944411-11FA-403A-845D-B1578959D0B4} = {F0C1994A-C5B0-4AE8-9511-A0AAF3B2DC7F}
		{44105335-68FE-4AF4-A21C-AB3CE0C73E17} = {F0C1994A-C5B0-4AE8-9511-A0AAF3B2DC7F}
		{1BD02AA9-125D-4B0A-81D8-C23679A82F6D} = {5B3FC5FA-420E-4D43-841E-D24D2090A3DB}
		{6716402C-37D2-4F19-A39F-E0F8148818A0} = {C7968396-DA39-4F0E-9E94-B0758165BFF6}
		{15379EDE-436B-49B5-B560-33EEE3DAD98E} = {5994875D-5729-41C8-86D9-DFD8F9FAFAB6}
		{F0C1994A-C5B0-4AE8-9511-A0AAF3B2DC7F} = {5421FE37-B3A0-412C-AC92-08BB2E24CB26}
		{EA4873B9-CB37-4EC7-BD97-9BCB72A7467A} = {5421FE37-B3A0-412C-AC92-08BB2E24CB26}
		{5B3FC5FA-420E-4D43-841E-D24D2090A3DB} = {5421FE37-B3A0-412C-AC92-08BB2E24CB26}
		{79728115-7837-4330-8B34-FA1F9FEC3B6B} = {F0C1994A-C5B0-4AE8-9511-A0AAF3B2DC7F}
		{D7DAD77B-4644-4F6F-B57D-AC0C8D6D92F5} = {F0C1994A-C5B0-4AE8-9511-A0AAF3B2DC7F}
		{337C5ECC-B7F5-4125-B391-038CB6D9DCCB} = {5B3FC5FA-420E-4D43-841E-D24D2090A3DB}
		{BACEC745-A8AA-462C-A019-4F382E393E11} = {5B3FC5FA-420E-4D43-841E-D24D2090A3DB}
	EndGlobalSection
	GlobalSection(ExtensibilityGlobals) = postSolution
		SolutionGuid = {0EAE3512-F0FC-4F30-B7A4-081DC411BF58}
	EndGlobalSection
EndGlobal
