
Microsoft Visual Studio Solution File, Format Version 12.00
# Visual Studio Version 16
VisualStudioVersion = 16.0.32901.82
MinimumVisualStudioVersion = 10.0.40219.1
Project("{2150E333-8FDC-42A3-9474-1A3956D46DE8}") = "GUI", "GUI", "{C44A8C64-5CA4-40B5-B77B-F77DC35B53E1}"
EndProject
Project("{2150E333-8FDC-42A3-9474-1A3956D46DE8}") = "DTO", "DTO", "{BA099AF4-76DD-467E-A35F-52C59702AB18}"
EndProject
Project("{2150E333-8FDC-42A3-9474-1A3956D46DE8}") = "DAL", "DAL", "{D4A438F2-0919-4622-9AA3-77F8ACDF50AB}"
EndProject
Project("{FAE04EC0-301F-11D3-BF4B-00C04F79EFBC}") = "DTO", "CTHD_DTO\DTO.csproj", "{E0B2547A-2875-4D63-8348-3997451F7E13}"
EndProject
Project("{FAE04EC0-301F-11D3-BF4B-00C04F79EFBC}") = "GUI", "HANGHOA_GUI\GUI.csproj", "{1CA9F829-5670-4FFB-A1D2-8690F30608DE}"
EndProject
Project("{FAE04EC0-301F-11D3-BF4B-00C04F79EFBC}") = "DAL", "CTHD_DAL\DAL.csproj", "{E4392CCF-5B38-4FB3-8AD8-433B26D25620}"
EndProject
Global
	GlobalSection(SolutionConfigurationPlatforms) = preSolution
		Debug|Any CPU = Debug|Any CPU
		Release|Any CPU = Release|Any CPU
	EndGlobalSection
	GlobalSection(ProjectConfigurationPlatforms) = postSolution
		{E0B2547A-2875-4D63-8348-3997451F7E13}.Debug|Any CPU.ActiveCfg = Debug|Any CPU
		{E0B2547A-2875-4D63-8348-3997451F7E13}.Debug|Any CPU.Build.0 = Debug|Any CPU
		{E0B2547A-2875-4D63-8348-3997451F7E13}.Release|Any CPU.ActiveCfg = Release|Any CPU
		{E0B2547A-2875-4D63-8348-3997451F7E13}.Release|Any CPU.Build.0 = Release|Any CPU
		{1CA9F829-5670-4FFB-A1D2-8690F30608DE}.Debug|Any CPU.ActiveCfg = Debug|Any CPU
		{1CA9F829-5670-4FFB-A1D2-8690F30608DE}.Debug|Any CPU.Build.0 = Debug|Any CPU
		{1CA9F829-5670-4FFB-A1D2-8690F30608DE}.Release|Any CPU.ActiveCfg = Release|Any CPU
		{1CA9F829-5670-4FFB-A1D2-8690F30608DE}.Release|Any CPU.Build.0 = Release|Any CPU
		{E4392CCF-5B38-4FB3-8AD8-433B26D25620}.Debug|Any CPU.ActiveCfg = Debug|Any CPU
		{E4392CCF-5B38-4FB3-8AD8-433B26D25620}.Debug|Any CPU.Build.0 = Debug|Any CPU
		{E4392CCF-5B38-4FB3-8AD8-433B26D25620}.Release|Any CPU.ActiveCfg = Release|Any CPU
		{E4392CCF-5B38-4FB3-8AD8-433B26D25620}.Release|Any CPU.Build.0 = Release|Any CPU
	EndGlobalSection
	GlobalSection(SolutionProperties) = preSolution
		HideSolutionNode = FALSE
	EndGlobalSection
	GlobalSection(NestedProjects) = preSolution
		{E0B2547A-2875-4D63-8348-3997451F7E13} = {BA099AF4-76DD-467E-A35F-52C59702AB18}
		{1CA9F829-5670-4FFB-A1D2-8690F30608DE} = {C44A8C64-5CA4-40B5-B77B-F77DC35B53E1}
		{E4392CCF-5B38-4FB3-8AD8-433B26D25620} = {D4A438F2-0919-4622-9AA3-77F8ACDF50AB}
	EndGlobalSection
	GlobalSection(ExtensibilityGlobals) = postSolution
		SolutionGuid = {EC501486-5712-40E1-ACA7-5B5BF472415A}
	EndGlobalSection
EndGlobal
